
Microsoft Visual Studio Solution File, Format Version 12.00
# Visual Studio Version 16
VisualStudioVersion = 16.0.29709.97
MinimumVisualStudioVersion = 10.0.40219.1
Project("{FAE04EC0-301F-11D3-BF4B-00C04F79EFBC}") = "GEOMETRIA", "GEOMETRI\GEOMETRIA.csproj", "{61E4E0F5-5A8A-4176-BEBB-1676078F5840}"
EndProject
Project("{FAE04EC0-301F-11D3-BF4B-00C04F79EFBC}") = "Collections – Queues", "Collections – Queues\Collections – Queues.csproj", "{0BE62DED-1602-4B44-9A32-F1EE8D170B9A}"
EndProject
Project("{FAE04EC0-301F-11D3-BF4B-00C04F79EFBC}") = "FirstInFirstOut", "FirstInFirstOut\FirstInFirstOut.csproj", "{938317E4-2236-43E7-AE2E-D7C8B92C7570}"
EndProject
Project("{FAE04EC0-301F-11D3-BF4B-00C04F79EFBC}") = "Dictionaries", "Dictionaries\Dictionaries.csproj", "{479A4FCE-38C3-41A6-8224-DB6F1E66CAEA}"
EndProject
Project("{FAE04EC0-301F-11D3-BF4B-00C04F79EFBC}") = "Yatzy", "Yatzy\Yatzy.csproj", "{07FCB280-7706-45EC-9018-ECEA5E27869E}"
EndProject
Project("{FAE04EC0-301F-11D3-BF4B-00C04F79EFBC}") = "VendingMachine", "VendingMachine\VendingMachine.csproj", "{DFF20F4E-6C3F-45C0-91B5-F68090B7FD6A}"
EndProject
Project("{FAE04EC0-301F-11D3-BF4B-00C04F79EFBC}") = "FightArena", "FightArena\FightArena.csproj", "{1654F19F-C021-45D9-A5AC-8B6B8597643C}"
EndProject
Global
	GlobalSection(SolutionConfigurationPlatforms) = preSolution
		Debug|Any CPU = Debug|Any CPU
		Release|Any CPU = Release|Any CPU
	EndGlobalSection
	GlobalSection(ProjectConfigurationPlatforms) = postSolution
		{61E4E0F5-5A8A-4176-BEBB-1676078F5840}.Debug|Any CPU.ActiveCfg = Debug|Any CPU
		{61E4E0F5-5A8A-4176-BEBB-1676078F5840}.Debug|Any CPU.Build.0 = Debug|Any CPU
		{61E4E0F5-5A8A-4176-BEBB-1676078F5840}.Release|Any CPU.ActiveCfg = Release|Any CPU
		{61E4E0F5-5A8A-4176-BEBB-1676078F5840}.Release|Any CPU.Build.0 = Release|Any CPU
		{0BE62DED-1602-4B44-9A32-F1EE8D170B9A}.Debug|Any CPU.ActiveCfg = Debug|Any CPU
		{0BE62DED-1602-4B44-9A32-F1EE8D170B9A}.Debug|Any CPU.Build.0 = Debug|Any CPU
		{0BE62DED-1602-4B44-9A32-F1EE8D170B9A}.Release|Any CPU.ActiveCfg = Release|Any CPU
		{0BE62DED-1602-4B44-9A32-F1EE8D170B9A}.Release|Any CPU.Build.0 = Release|Any CPU
		{938317E4-2236-43E7-AE2E-D7C8B92C7570}.Debug|Any CPU.ActiveCfg = Debug|Any CPU
		{938317E4-2236-43E7-AE2E-D7C8B92C7570}.Debug|Any CPU.Build.0 = Debug|Any CPU
		{938317E4-2236-43E7-AE2E-D7C8B92C7570}.Release|Any CPU.ActiveCfg = Release|Any CPU
		{938317E4-2236-43E7-AE2E-D7C8B92C7570}.Release|Any CPU.Build.0 = Release|Any CPU
		{479A4FCE-38C3-41A6-8224-DB6F1E66CAEA}.Debug|Any CPU.ActiveCfg = Debug|Any CPU
		{479A4FCE-38C3-41A6-8224-DB6F1E66CAEA}.Debug|Any CPU.Build.0 = Debug|Any CPU
		{479A4FCE-38C3-41A6-8224-DB6F1E66CAEA}.Release|Any CPU.ActiveCfg = Release|Any CPU
		{479A4FCE-38C3-41A6-8224-DB6F1E66CAEA}.Release|Any CPU.Build.0 = Release|Any CPU
		{07FCB280-7706-45EC-9018-ECEA5E27869E}.Debug|Any CPU.ActiveCfg = Debug|Any CPU
		{07FCB280-7706-45EC-9018-ECEA5E27869E}.Debug|Any CPU.Build.0 = Debug|Any CPU
		{07FCB280-7706-45EC-9018-ECEA5E27869E}.Release|Any CPU.ActiveCfg = Release|Any CPU
		{07FCB280-7706-45EC-9018-ECEA5E27869E}.Release|Any CPU.Build.0 = Release|Any CPU
		{DFF20F4E-6C3F-45C0-91B5-F68090B7FD6A}.Debug|Any CPU.ActiveCfg = Debug|Any CPU
		{DFF20F4E-6C3F-45C0-91B5-F68090B7FD6A}.Debug|Any CPU.Build.0 = Debug|Any CPU
		{DFF20F4E-6C3F-45C0-91B5-F68090B7FD6A}.Release|Any CPU.ActiveCfg = Release|Any CPU
		{DFF20F4E-6C3F-45C0-91B5-F68090B7FD6A}.Release|Any CPU.Build.0 = Release|Any CPU
		{1654F19F-C021-45D9-A5AC-8B6B8597643C}.Debug|Any CPU.ActiveCfg = Debug|Any CPU
		{1654F19F-C021-45D9-A5AC-8B6B8597643C}.Debug|Any CPU.Build.0 = Debug|Any CPU
		{1654F19F-C021-45D9-A5AC-8B6B8597643C}.Release|Any CPU.ActiveCfg = Release|Any CPU
		{1654F19F-C021-45D9-A5AC-8B6B8597643C}.Release|Any CPU.Build.0 = Release|Any CPU
	EndGlobalSection
	GlobalSection(SolutionProperties) = preSolution
		HideSolutionNode = FALSE
	EndGlobalSection
	GlobalSection(ExtensibilityGlobals) = postSolution
		SolutionGuid = {938C4684-0543-47DD-934E-962C048E0E7A}
	EndGlobalSection
EndGlobal
